
Microsoft Visual Studio Solution File, Format Version 12.00
# Visual Studio 15
VisualStudioVersion = 15.0.28010.2003
MinimumVisualStudioVersion = 10.0.40219.1
Project("{2150E333-8FDC-42A3-9474-1A3956D46DE8}") = "0 - Presentention", "0 - Presentention", "{1FCDAADF-D04A-44E2-BBA5-6424EE3C0C9F}"
EndProject
Project("{2150E333-8FDC-42A3-9474-1A3956D46DE8}") = "1 - Application", "1 - Application", "{BE030C12-93C3-4A15-A79A-A28D051B5FFC}"
EndProject
Project("{2150E333-8FDC-42A3-9474-1A3956D46DE8}") = "2 - Domain", "2 - Domain", "{2F86841D-621E-4BF1-9FA8-5214A4A30EF4}"
EndProject
Project("{2150E333-8FDC-42A3-9474-1A3956D46DE8}") = "3 - Infrastructure", "3 - Infrastructure", "{6F782864-CF1C-4602-8342-DE054A7B2E59}"
EndProject
Project("{2150E333-8FDC-42A3-9474-1A3956D46DE8}") = "4 - Common", "4 - Common", "{2F952F6D-2DFC-498B-821E-3AD7DE3241EF}"
EndProject
Project("{2150E333-8FDC-42A3-9474-1A3956D46DE8}") = "3.1 - Data", "3.1 - Data", "{5668E34E-027F-48EC-A9DD-93B4F443C511}"
EndProject
Project("{2150E333-8FDC-42A3-9474-1A3956D46DE8}") = "3.2 - CrossCutting", "3.2 - CrossCutting", "{D29A5A8C-9031-4581-9F4B-11FA2D399EB9}"
EndProject
Project("{9A19103F-16F7-4668-BE54-9A1E7A4F7556}") = "Common.Utility", "4 - Common\Common.Utility\Common.Utility.csproj", "{10690FEF-D426-4AF3-A2EF-5A284E71EADC}"
EndProject
Project("{9A19103F-16F7-4668-BE54-9A1E7A4F7556}") = "STSys.Core.UsersApi", "0 - Presentention\STSys.Core.UsersApi\STSys.Core.UsersApi.csproj", "{1FBB9986-1129-4DD3-AE0C-C04065E62695}"
EndProject
Project("{9A19103F-16F7-4668-BE54-9A1E7A4F7556}") = "STSys.Core.UsersApi.Application", "1 - Application\STSys.Core.UsersApi.Application\STSys.Core.UsersApi.Application.csproj", "{9D39B382-F0A8-4F54-8FE3-1374E43C9C42}"
EndProject
Project("{9A19103F-16F7-4668-BE54-9A1E7A4F7556}") = "STSys.Core.Domain", "2 - Domain\STSys.Core.Domain\STSys.Core.Domain.csproj", "{50103557-3AF3-48AA-BDF9-748C127D22B5}"
EndProject
Project("{9A19103F-16F7-4668-BE54-9A1E7A4F7556}") = "STSys.Core.Domain.Core", "2 - Domain\STSys.Core.Domain.Core\STSys.Core.Domain.Core.csproj", "{A2599D7C-70FD-4521-BBFB-E2ACC51ED84D}"
EndProject
Project("{9A19103F-16F7-4668-BE54-9A1E7A4F7556}") = "STSys.Core.Data.Context", "3 - Infrastructure\3.1 - Data\STSys.Core.Data.Context\STSys.Core.Data.Context.csproj", "{5AA94BCF-8514-48E7-94F7-4FF19AE54C57}"
EndProject
Project("{9A19103F-16F7-4668-BE54-9A1E7A4F7556}") = "STSys.Core.Data.Repository", "3 - Infrastructure\3.1 - Data\STSys.Core.Data.Repository\STSys.Core.Data.Repository.csproj", "{950738E4-F99E-45DB-B97C-B582B3717BDF}"
EndProject
Project("{9A19103F-16F7-4668-BE54-9A1E7A4F7556}") = "STSys.Core.CrossCutting.Bus", "3 - Infrastructure\3.2 - CrossCutting\STSys.Core.CrossCutting.Bus\STSys.Core.CrossCutting.Bus.csproj", "{943E45D6-144B-469F-8272-0520096ACD30}"
EndProject
Project("{9A19103F-16F7-4668-BE54-9A1E7A4F7556}") = "STSys.Core.Data.IoC", "3 - Infrastructure\3.2 - CrossCutting\STSys.Core.Data.IoC\STSys.Core.Data.IoC.csproj", "{66AA6217-33D2-4C3A-AB57-2937AB527A4A}"
EndProject
Project("{9A19103F-16F7-4668-BE54-9A1E7A4F7556}") = "STSys.Core.UserCenter", "0 - Presentention\STSys.Core.UserCenter\STSys.Core.UserCenter.csproj", "{BCD42815-CCD9-42D9-AE7B-40BFB2C23FDB}"
EndProject
Project("{9A19103F-16F7-4668-BE54-9A1E7A4F7556}") = "STSys.Core.IdentityProvider", "0 - Presentention\STSys.Core.IdentityProvider\STSys.Core.IdentityProvider.csproj", "{7EC19D6B-2E08-41BD-9CE2-987EE04F1221}"
EndProject
Project("{9A19103F-16F7-4668-BE54-9A1E7A4F7556}") = "STSys.Core.API.Geteway", "0 - Presentention\STSys.Core.API.Geteway\STSys.Core.API.Geteway.csproj", "{3578DA5D-279E-4E76-88BF-6CBDB138E722}"
EndProject
Project("{9A19103F-16F7-4668-BE54-9A1E7A4F7556}") = "Ocelot.JWTAuthorizePolicy", "4 - Common\Ocelot.JWTAuthorizePolicy\Ocelot.JWTAuthorizePolicy.csproj", "{D9A622EA-B800-4DB6-9C7B-D8A2C34F5C6A}"
EndProject
Project("{9A19103F-16F7-4668-BE54-9A1E7A4F7556}") = "STSys.Core.Cache", "3 - Infrastructure\3.2 - CrossCutting\STSys.Core.Cache\STSys.Core.Cache.csproj", "{FFD69A6D-55C1-4EC5-85B1-670F16A0FFD9}"
EndProject
Project("{9A19103F-16F7-4668-BE54-9A1E7A4F7556}") = "STSys.Core.MQ", "3 - Infrastructure\3.2 - CrossCutting\STSys.Core.MQ\STSys.Core.MQ.csproj", "{BE61F762-76A7-4D43-8E0F-734DD393552F}"
EndProject
Project("{9A19103F-16F7-4668-BE54-9A1E7A4F7556}") = "STSys.Core.Test", "4 - Common\STSys.Core.Test\STSys.Core.Test.csproj", "{2A166F42-3769-45DC-A839-79B613AF96B1}"
EndProject
Project("{9A19103F-16F7-4668-BE54-9A1E7A4F7556}") = "STSys.Core.Orders", "0 - Presentention\STSys.Core.Orders\STSys.Core.Orders.csproj", "{A9D15D65-6C24-4BDA-9F86-51412CCFAE97}"
EndProject
Project("{2150E333-8FDC-42A3-9474-1A3956D46DE8}") = "3.3 - Job", "3.3 - Job", "{1D144B12-3F27-4D07-85E5-919E8C2176C5}"
EndProject
Project("{9A19103F-16F7-4668-BE54-9A1E7A4F7556}") = "STSys.Core.Quarzt", "0 - Presentention\STSys.Core.Quarzt\STSys.Core.Quarzt.csproj", "{8CFEA9D2-C0BB-44E7-89DE-3177DA01C51A}"
EndProject
Project("{9A19103F-16F7-4668-BE54-9A1E7A4F7556}") = "STSys.Core.Jobs", "3 - Infrastructure\3.3 - Job\STSys.Core.Jobs\STSys.Core.Jobs.csproj", "{D862D2A9-709F-4979-88D3-5B46D3320CC7}"
EndProject
Project("{9A19103F-16F7-4668-BE54-9A1E7A4F7556}") = "STSys.Core.Data.Jobs", "3 - Infrastructure\3.1 - Data\STSys.Core.Data.Jobs.Core\STSys.Core.Data.Jobs.csproj", "{9360713C-63A6-4709-9BAF-E9B6F15088F9}"
EndProject
Project("{9A19103F-16F7-4668-BE54-9A1E7A4F7556}") = "STSys.Core.SmsJob", "3 - Infrastructure\3.3 - Job\STSys.Core.SmsJob\STSys.Core.SmsJob.csproj", "{058779D6-ED6B-4215-9E14-AEAEB2483259}"
EndProject
Project("{9A19103F-16F7-4668-BE54-9A1E7A4F7556}") = "STSys.Core.ConsultantCenter", "0 - Presentention\STSys.Core.ConsultantCenter\STSys.Core.ConsultantCenter.csproj", "{15E054D3-6362-4C8E-88A1-3FE87E19D296}"
EndProject
Project("{9A19103F-16F7-4668-BE54-9A1E7A4F7556}") = "STSys.Core.Domain.Catalog", "2 - Domain\STSys.Core.Domain.Catalog\STSys.Core.Domain.Catalog.csproj", "{3DFF8ACE-1A3E-43F4-93DC-19D47140AE84}"
EndProject
Project("{9A19103F-16F7-4668-BE54-9A1E7A4F7556}") = "STSys.Core.Users.Abstractions", "2 - Domain\STSys.Core.Users.Abstractions\STSys.Core.Users.Abstractions.csproj", "{B69F62CD-8BB6-4CEF-A3D5-6171C62B5FB2}"
EndProject
Project("{9A19103F-16F7-4668-BE54-9A1E7A4F7556}") = "STSys.Core.Users", "2 - Domain\STSys.Core.Users\STSys.Core.Users.csproj", "{1E2C0813-E6F3-4770-905F-359C1E8DFE6B}"
EndProject
Project("{9A19103F-16F7-4668-BE54-9A1E7A4F7556}") = "STSys.Core.Data.Repository.Users", "3 - Infrastructure\3.1 - Data\STSys.Core.Data.Repository.Users\STSys.Core.Data.Repository.Users.csproj", "{7CC5F85F-FF59-4DB2-8F65-E082BABA8A9E}"
EndProject
Project("{9A19103F-16F7-4668-BE54-9A1E7A4F7556}") = "STSys.Core.Admin.Application", "1 - Application\STSys.Core.Admin.Application\STSys.Core.Admin.Application.csproj", "{59363672-ED66-4820-A3F6-8E6BC64A86F8}"
EndProject
Project("{9A19103F-16F7-4668-BE54-9A1E7A4F7556}") = "STSys.Core.Admin", "0 - Presentention\STSys.Core.Admin\STSys.Core.Admin.csproj", "{6111F632-DC6E-44F2-A6F9-BC7D121010EE}"
EndProject
Project("{9A19103F-16F7-4668-BE54-9A1E7A4F7556}") = "STSys.Core.Log", "3 - Infrastructure\3.2 - CrossCutting\STSys.Core.Log\STSys.Core.Log.csproj", "{31D4A176-B00A-4B34-964A-D971DD853E9B}"
EndProject
Project("{9A19103F-16F7-4668-BE54-9A1E7A4F7556}") = "STSys.Core.MQMiddleware", "3 - Infrastructure\3.2 - CrossCutting\STSys.Core.MQMiddleware\STSys.Core.MQMiddleware.csproj", "{F2E6FF86-0D6A-43A6-B2CB-4F58B2435080}"
EndProject
Project("{9A19103F-16F7-4668-BE54-9A1E7A4F7556}") = "STSys.Core.UpLoad", "3 - Infrastructure\3.2 - CrossCutting\STSys.Core.UpLoad\STSys.Core.UpLoad.csproj", "{55181270-5841-48EB-8FB2-999204CFBDAB}"
EndProject
Project("{9A19103F-16F7-4668-BE54-9A1E7A4F7556}") = "STSys.Core.File.Abstractions", "2 - Domain\STSys.Core.File.Abstractions\STSys.Core.File.Abstractions.csproj", "{B23FC666-8749-40FF-9A5D-50759A1B225E}"
EndProject
Project("{9A19103F-16F7-4668-BE54-9A1E7A4F7556}") = "STSys.Core.Files", "2 - Domain\STSys.Core.Files\STSys.Core.Files.csproj", "{33FB4A45-0407-4BE9-B62A-29E5DCF7B1F0}"
EndProject
Project("{9A19103F-16F7-4668-BE54-9A1E7A4F7556}") = "STSys.Core.FileWeb", "0 - Presentention\STSys.Core.FileWeb\STSys.Core.FileWeb.csproj", "{CDED16AC-798C-4C8E-AA1C-FF1F25EB5B77}"
EndProject
Project("{9A19103F-16F7-4668-BE54-9A1E7A4F7556}") = "STSys.Core.DotNettyRPC", "3 - Infrastructure\3.2 - CrossCutting\STSys.Core.DotNettyRPC\STSys.Core.DotNettyRPC.csproj", "{37C3DF7B-DDA0-4F35-BE0C-EF611783E9F0}"
EndProject
Project("{9A19103F-16F7-4668-BE54-9A1E7A4F7556}") = "STSys.Core.HotlinkingPreventionMiddleware", "3 - Infrastructure\3.2 - CrossCutting\STSys.Core.HotlinkingPreventionMiddleware\STSys.Core.HotlinkingPreventionMiddleware.csproj", "{08ACCB07-07DB-42CE-BADC-F4510CF0EC36}"
EndProject
Project("{9A19103F-16F7-4668-BE54-9A1E7A4F7556}") = "STSys.Core.Admin.Abstractions", "2 - Domain\STSys.Core.Admin.Abstractions\STSys.Core.Admin.Abstractions.csproj", "{C775D2F0-2C93-4414-ADB8-C24D46C756DA}"
EndProject
Project("{9A19103F-16F7-4668-BE54-9A1E7A4F7556}") = "STSys.Core.Admins", "2 - Domain\STSys.Core.Admins\STSys.Core.Admins.csproj", "{0C7083A0-187D-41E3-B8DC-4C7F74E84D88}"
EndProject
Project("{9A19103F-16F7-4668-BE54-9A1E7A4F7556}") = "STSys.Core.Data.Repository.Admin", "3 - Infrastructure\3.1 - Data\STSys.Core.Data.Repository.Admin\STSys.Core.Data.Repository.Admin.csproj", "{567CD950-E6E0-4ECA-969F-721A0E556206}"
EndProject
Project("{9A19103F-16F7-4668-BE54-9A1E7A4F7556}") = "STSys.Core.Rpc.Webserver", "0 - Presentention\STSys.Core.Rpc.Webserver\STSys.Core.Rpc.Webserver.csproj", "{1714F7E5-8914-45EF-BAC1-A25B6101A3B4}"
EndProject
Project("{FAE04EC0-301F-11D3-BF4B-00C04F79EFBC}") = "STSys.Core.Data.MySqlProvider", "3 - Infrastructure\3.1 - Data\STSys.Core.Data.MySqlProvider\STSys.Core.Data.MySqlProvider.csproj", "{C5062DCF-7114-403C-8542-DE147238E909}"
EndProject
Project("{FAE04EC0-301F-11D3-BF4B-00C04F79EFBC}") = "STSys.Core.Data", "3 - Infrastructure\3.1 - Data\STSys.Core.Data\STSys.Core.Data.csproj", "{B6415579-9CE0-45D5-A773-6E1FC28EE54C}"
EndProject
Global
	GlobalSection(SolutionConfigurationPlatforms) = preSolution
		Debug|Any CPU = Debug|Any CPU
		Release|Any CPU = Release|Any CPU
	EndGlobalSection
	GlobalSection(ProjectConfigurationPlatforms) = postSolution
		{10690FEF-D426-4AF3-A2EF-5A284E71EADC}.Debug|Any CPU.ActiveCfg = Debug|Any CPU
		{10690FEF-D426-4AF3-A2EF-5A284E71EADC}.Debug|Any CPU.Build.0 = Debug|Any CPU
		{10690FEF-D426-4AF3-A2EF-5A284E71EADC}.Release|Any CPU.ActiveCfg = Release|Any CPU
		{10690FEF-D426-4AF3-A2EF-5A284E71EADC}.Release|Any CPU.Build.0 = Release|Any CPU
		{1FBB9986-1129-4DD3-AE0C-C04065E62695}.Debug|Any CPU.ActiveCfg = Debug|Any CPU
		{1FBB9986-1129-4DD3-AE0C-C04065E62695}.Debug|Any CPU.Build.0 = Debug|Any CPU
		{1FBB9986-1129-4DD3-AE0C-C04065E62695}.Release|Any CPU.ActiveCfg = Release|Any CPU
		{1FBB9986-1129-4DD3-AE0C-C04065E62695}.Release|Any CPU.Build.0 = Release|Any CPU
		{9D39B382-F0A8-4F54-8FE3-1374E43C9C42}.Debug|Any CPU.ActiveCfg = Debug|Any CPU
		{9D39B382-F0A8-4F54-8FE3-1374E43C9C42}.Debug|Any CPU.Build.0 = Debug|Any CPU
		{9D39B382-F0A8-4F54-8FE3-1374E43C9C42}.Release|Any CPU.ActiveCfg = Release|Any CPU
		{9D39B382-F0A8-4F54-8FE3-1374E43C9C42}.Release|Any CPU.Build.0 = Release|Any CPU
		{50103557-3AF3-48AA-BDF9-748C127D22B5}.Debug|Any CPU.ActiveCfg = Debug|Any CPU
		{50103557-3AF3-48AA-BDF9-748C127D22B5}.Debug|Any CPU.Build.0 = Debug|Any CPU
		{50103557-3AF3-48AA-BDF9-748C127D22B5}.Release|Any CPU.ActiveCfg = Release|Any CPU
		{50103557-3AF3-48AA-BDF9-748C127D22B5}.Release|Any CPU.Build.0 = Release|Any CPU
		{A2599D7C-70FD-4521-BBFB-E2ACC51ED84D}.Debug|Any CPU.ActiveCfg = Debug|Any CPU
		{A2599D7C-70FD-4521-BBFB-E2ACC51ED84D}.Debug|Any CPU.Build.0 = Debug|Any CPU
		{A2599D7C-70FD-4521-BBFB-E2ACC51ED84D}.Release|Any CPU.ActiveCfg = Release|Any CPU
		{A2599D7C-70FD-4521-BBFB-E2ACC51ED84D}.Release|Any CPU.Build.0 = Release|Any CPU
		{5AA94BCF-8514-48E7-94F7-4FF19AE54C57}.Debug|Any CPU.ActiveCfg = Debug|Any CPU
		{5AA94BCF-8514-48E7-94F7-4FF19AE54C57}.Debug|Any CPU.Build.0 = Debug|Any CPU
		{5AA94BCF-8514-48E7-94F7-4FF19AE54C57}.Release|Any CPU.ActiveCfg = Release|Any CPU
		{5AA94BCF-8514-48E7-94F7-4FF19AE54C57}.Release|Any CPU.Build.0 = Release|Any CPU
		{950738E4-F99E-45DB-B97C-B582B3717BDF}.Debug|Any CPU.ActiveCfg = Debug|Any CPU
		{950738E4-F99E-45DB-B97C-B582B3717BDF}.Debug|Any CPU.Build.0 = Debug|Any CPU
		{950738E4-F99E-45DB-B97C-B582B3717BDF}.Release|Any CPU.ActiveCfg = Release|Any CPU
		{950738E4-F99E-45DB-B97C-B582B3717BDF}.Release|Any CPU.Build.0 = Release|Any CPU
		{943E45D6-144B-469F-8272-0520096ACD30}.Debug|Any CPU.ActiveCfg = Debug|Any CPU
		{943E45D6-144B-469F-8272-0520096ACD30}.Debug|Any CPU.Build.0 = Debug|Any CPU
		{943E45D6-144B-469F-8272-0520096ACD30}.Release|Any CPU.ActiveCfg = Release|Any CPU
		{943E45D6-144B-469F-8272-0520096ACD30}.Release|Any CPU.Build.0 = Release|Any CPU
		{66AA6217-33D2-4C3A-AB57-2937AB527A4A}.Debug|Any CPU.ActiveCfg = Debug|Any CPU
		{66AA6217-33D2-4C3A-AB57-2937AB527A4A}.Debug|Any CPU.Build.0 = Debug|Any CPU
		{66AA6217-33D2-4C3A-AB57-2937AB527A4A}.Release|Any CPU.ActiveCfg = Release|Any CPU
		{66AA6217-33D2-4C3A-AB57-2937AB527A4A}.Release|Any CPU.Build.0 = Release|Any CPU
		{BCD42815-CCD9-42D9-AE7B-40BFB2C23FDB}.Debug|Any CPU.ActiveCfg = Debug|Any CPU
		{BCD42815-CCD9-42D9-AE7B-40BFB2C23FDB}.Debug|Any CPU.Build.0 = Debug|Any CPU
		{BCD42815-CCD9-42D9-AE7B-40BFB2C23FDB}.Release|Any CPU.ActiveCfg = Release|Any CPU
		{BCD42815-CCD9-42D9-AE7B-40BFB2C23FDB}.Release|Any CPU.Build.0 = Release|Any CPU
		{7EC19D6B-2E08-41BD-9CE2-987EE04F1221}.Debug|Any CPU.ActiveCfg = Debug|Any CPU
		{7EC19D6B-2E08-41BD-9CE2-987EE04F1221}.Debug|Any CPU.Build.0 = Debug|Any CPU
		{7EC19D6B-2E08-41BD-9CE2-987EE04F1221}.Release|Any CPU.ActiveCfg = Release|Any CPU
		{7EC19D6B-2E08-41BD-9CE2-987EE04F1221}.Release|Any CPU.Build.0 = Release|Any CPU
		{3578DA5D-279E-4E76-88BF-6CBDB138E722}.Debug|Any CPU.ActiveCfg = Debug|Any CPU
		{3578DA5D-279E-4E76-88BF-6CBDB138E722}.Debug|Any CPU.Build.0 = Debug|Any CPU
		{3578DA5D-279E-4E76-88BF-6CBDB138E722}.Release|Any CPU.ActiveCfg = Release|Any CPU
		{3578DA5D-279E-4E76-88BF-6CBDB138E722}.Release|Any CPU.Build.0 = Release|Any CPU
		{D9A622EA-B800-4DB6-9C7B-D8A2C34F5C6A}.Debug|Any CPU.ActiveCfg = Debug|Any CPU
		{D9A622EA-B800-4DB6-9C7B-D8A2C34F5C6A}.Debug|Any CPU.Build.0 = Debug|Any CPU
		{D9A622EA-B800-4DB6-9C7B-D8A2C34F5C6A}.Release|Any CPU.ActiveCfg = Release|Any CPU
		{D9A622EA-B800-4DB6-9C7B-D8A2C34F5C6A}.Release|Any CPU.Build.0 = Release|Any CPU
		{FFD69A6D-55C1-4EC5-85B1-670F16A0FFD9}.Debug|Any CPU.ActiveCfg = Debug|Any CPU
		{FFD69A6D-55C1-4EC5-85B1-670F16A0FFD9}.Debug|Any CPU.Build.0 = Debug|Any CPU
		{FFD69A6D-55C1-4EC5-85B1-670F16A0FFD9}.Release|Any CPU.ActiveCfg = Release|Any CPU
		{FFD69A6D-55C1-4EC5-85B1-670F16A0FFD9}.Release|Any CPU.Build.0 = Release|Any CPU
		{BE61F762-76A7-4D43-8E0F-734DD393552F}.Debug|Any CPU.ActiveCfg = Debug|Any CPU
		{BE61F762-76A7-4D43-8E0F-734DD393552F}.Debug|Any CPU.Build.0 = Debug|Any CPU
		{BE61F762-76A7-4D43-8E0F-734DD393552F}.Release|Any CPU.ActiveCfg = Release|Any CPU
		{BE61F762-76A7-4D43-8E0F-734DD393552F}.Release|Any CPU.Build.0 = Release|Any CPU
		{2A166F42-3769-45DC-A839-79B613AF96B1}.Debug|Any CPU.ActiveCfg = Debug|Any CPU
		{2A166F42-3769-45DC-A839-79B613AF96B1}.Debug|Any CPU.Build.0 = Debug|Any CPU
		{2A166F42-3769-45DC-A839-79B613AF96B1}.Release|Any CPU.ActiveCfg = Release|Any CPU
		{2A166F42-3769-45DC-A839-79B613AF96B1}.Release|Any CPU.Build.0 = Release|Any CPU
		{A9D15D65-6C24-4BDA-9F86-51412CCFAE97}.Debug|Any CPU.ActiveCfg = Debug|Any CPU
		{A9D15D65-6C24-4BDA-9F86-51412CCFAE97}.Debug|Any CPU.Build.0 = Debug|Any CPU
		{A9D15D65-6C24-4BDA-9F86-51412CCFAE97}.Release|Any CPU.ActiveCfg = Release|Any CPU
		{A9D15D65-6C24-4BDA-9F86-51412CCFAE97}.Release|Any CPU.Build.0 = Release|Any CPU
		{8CFEA9D2-C0BB-44E7-89DE-3177DA01C51A}.Debug|Any CPU.ActiveCfg = Debug|Any CPU
		{8CFEA9D2-C0BB-44E7-89DE-3177DA01C51A}.Debug|Any CPU.Build.0 = Debug|Any CPU
		{8CFEA9D2-C0BB-44E7-89DE-3177DA01C51A}.Release|Any CPU.ActiveCfg = Release|Any CPU
		{8CFEA9D2-C0BB-44E7-89DE-3177DA01C51A}.Release|Any CPU.Build.0 = Release|Any CPU
		{D862D2A9-709F-4979-88D3-5B46D3320CC7}.Debug|Any CPU.ActiveCfg = Debug|Any CPU
		{D862D2A9-709F-4979-88D3-5B46D3320CC7}.Debug|Any CPU.Build.0 = Debug|Any CPU
		{D862D2A9-709F-4979-88D3-5B46D3320CC7}.Release|Any CPU.ActiveCfg = Release|Any CPU
		{D862D2A9-709F-4979-88D3-5B46D3320CC7}.Release|Any CPU.Build.0 = Release|Any CPU
		{9360713C-63A6-4709-9BAF-E9B6F15088F9}.Debug|Any CPU.ActiveCfg = Debug|Any CPU
		{9360713C-63A6-4709-9BAF-E9B6F15088F9}.Debug|Any CPU.Build.0 = Debug|Any CPU
		{9360713C-63A6-4709-9BAF-E9B6F15088F9}.Release|Any CPU.ActiveCfg = Release|Any CPU
		{9360713C-63A6-4709-9BAF-E9B6F15088F9}.Release|Any CPU.Build.0 = Release|Any CPU
		{058779D6-ED6B-4215-9E14-AEAEB2483259}.Debug|Any CPU.ActiveCfg = Debug|Any CPU
		{058779D6-ED6B-4215-9E14-AEAEB2483259}.Debug|Any CPU.Build.0 = Debug|Any CPU
		{058779D6-ED6B-4215-9E14-AEAEB2483259}.Release|Any CPU.ActiveCfg = Release|Any CPU
		{058779D6-ED6B-4215-9E14-AEAEB2483259}.Release|Any CPU.Build.0 = Release|Any CPU
		{15E054D3-6362-4C8E-88A1-3FE87E19D296}.Debug|Any CPU.ActiveCfg = Debug|Any CPU
		{15E054D3-6362-4C8E-88A1-3FE87E19D296}.Debug|Any CPU.Build.0 = Debug|Any CPU
		{15E054D3-6362-4C8E-88A1-3FE87E19D296}.Release|Any CPU.ActiveCfg = Release|Any CPU
		{15E054D3-6362-4C8E-88A1-3FE87E19D296}.Release|Any CPU.Build.0 = Release|Any CPU
		{3DFF8ACE-1A3E-43F4-93DC-19D47140AE84}.Debug|Any CPU.ActiveCfg = Debug|Any CPU
		{3DFF8ACE-1A3E-43F4-93DC-19D47140AE84}.Debug|Any CPU.Build.0 = Debug|Any CPU
		{3DFF8ACE-1A3E-43F4-93DC-19D47140AE84}.Release|Any CPU.ActiveCfg = Release|Any CPU
		{3DFF8ACE-1A3E-43F4-93DC-19D47140AE84}.Release|Any CPU.Build.0 = Release|Any CPU
		{B69F62CD-8BB6-4CEF-A3D5-6171C62B5FB2}.Debug|Any CPU.ActiveCfg = Debug|Any CPU
		{B69F62CD-8BB6-4CEF-A3D5-6171C62B5FB2}.Debug|Any CPU.Build.0 = Debug|Any CPU
		{B69F62CD-8BB6-4CEF-A3D5-6171C62B5FB2}.Release|Any CPU.ActiveCfg = Release|Any CPU
		{B69F62CD-8BB6-4CEF-A3D5-6171C62B5FB2}.Release|Any CPU.Build.0 = Release|Any CPU
		{1E2C0813-E6F3-4770-905F-359C1E8DFE6B}.Debug|Any CPU.ActiveCfg = Debug|Any CPU
		{1E2C0813-E6F3-4770-905F-359C1E8DFE6B}.Debug|Any CPU.Build.0 = Debug|Any CPU
		{1E2C0813-E6F3-4770-905F-359C1E8DFE6B}.Release|Any CPU.ActiveCfg = Release|Any CPU
		{1E2C0813-E6F3-4770-905F-359C1E8DFE6B}.Release|Any CPU.Build.0 = Release|Any CPU
		{7CC5F85F-FF59-4DB2-8F65-E082BABA8A9E}.Debug|Any CPU.ActiveCfg = Debug|Any CPU
		{7CC5F85F-FF59-4DB2-8F65-E082BABA8A9E}.Debug|Any CPU.Build.0 = Debug|Any CPU
		{7CC5F85F-FF59-4DB2-8F65-E082BABA8A9E}.Release|Any CPU.ActiveCfg = Release|Any CPU
		{7CC5F85F-FF59-4DB2-8F65-E082BABA8A9E}.Release|Any CPU.Build.0 = Release|Any CPU
		{59363672-ED66-4820-A3F6-8E6BC64A86F8}.Debug|Any CPU.ActiveCfg = Debug|Any CPU
		{59363672-ED66-4820-A3F6-8E6BC64A86F8}.Debug|Any CPU.Build.0 = Debug|Any CPU
		{59363672-ED66-4820-A3F6-8E6BC64A86F8}.Release|Any CPU.ActiveCfg = Release|Any CPU
		{59363672-ED66-4820-A3F6-8E6BC64A86F8}.Release|Any CPU.Build.0 = Release|Any CPU
		{6111F632-DC6E-44F2-A6F9-BC7D121010EE}.Debug|Any CPU.ActiveCfg = Debug|Any CPU
		{6111F632-DC6E-44F2-A6F9-BC7D121010EE}.Debug|Any CPU.Build.0 = Debug|Any CPU
		{6111F632-DC6E-44F2-A6F9-BC7D121010EE}.Release|Any CPU.ActiveCfg = Release|Any CPU
		{6111F632-DC6E-44F2-A6F9-BC7D121010EE}.Release|Any CPU.Build.0 = Release|Any CPU
		{31D4A176-B00A-4B34-964A-D971DD853E9B}.Debug|Any CPU.ActiveCfg = Debug|Any CPU
		{31D4A176-B00A-4B34-964A-D971DD853E9B}.Debug|Any CPU.Build.0 = Debug|Any CPU
		{31D4A176-B00A-4B34-964A-D971DD853E9B}.Release|Any CPU.ActiveCfg = Release|Any CPU
		{31D4A176-B00A-4B34-964A-D971DD853E9B}.Release|Any CPU.Build.0 = Release|Any CPU
		{F2E6FF86-0D6A-43A6-B2CB-4F58B2435080}.Debug|Any CPU.ActiveCfg = Debug|Any CPU
		{F2E6FF86-0D6A-43A6-B2CB-4F58B2435080}.Debug|Any CPU.Build.0 = Debug|Any CPU
		{F2E6FF86-0D6A-43A6-B2CB-4F58B2435080}.Release|Any CPU.ActiveCfg = Release|Any CPU
		{F2E6FF86-0D6A-43A6-B2CB-4F58B2435080}.Release|Any CPU.Build.0 = Release|Any CPU
		{55181270-5841-48EB-8FB2-999204CFBDAB}.Debug|Any CPU.ActiveCfg = Debug|Any CPU
		{55181270-5841-48EB-8FB2-999204CFBDAB}.Debug|Any CPU.Build.0 = Debug|Any CPU
		{55181270-5841-48EB-8FB2-999204CFBDAB}.Release|Any CPU.ActiveCfg = Release|Any CPU
		{55181270-5841-48EB-8FB2-999204CFBDAB}.Release|Any CPU.Build.0 = Release|Any CPU
		{B23FC666-8749-40FF-9A5D-50759A1B225E}.Debug|Any CPU.ActiveCfg = Debug|Any CPU
		{B23FC666-8749-40FF-9A5D-50759A1B225E}.Debug|Any CPU.Build.0 = Debug|Any CPU
		{B23FC666-8749-40FF-9A5D-50759A1B225E}.Release|Any CPU.ActiveCfg = Release|Any CPU
		{B23FC666-8749-40FF-9A5D-50759A1B225E}.Release|Any CPU.Build.0 = Release|Any CPU
		{33FB4A45-0407-4BE9-B62A-29E5DCF7B1F0}.Debug|Any CPU.ActiveCfg = Debug|Any CPU
		{33FB4A45-0407-4BE9-B62A-29E5DCF7B1F0}.Debug|Any CPU.Build.0 = Debug|Any CPU
		{33FB4A45-0407-4BE9-B62A-29E5DCF7B1F0}.Release|Any CPU.ActiveCfg = Release|Any CPU
		{33FB4A45-0407-4BE9-B62A-29E5DCF7B1F0}.Release|Any CPU.Build.0 = Release|Any CPU
		{CDED16AC-798C-4C8E-AA1C-FF1F25EB5B77}.Debug|Any CPU.ActiveCfg = Debug|Any CPU
		{CDED16AC-798C-4C8E-AA1C-FF1F25EB5B77}.Debug|Any CPU.Build.0 = Debug|Any CPU
		{CDED16AC-798C-4C8E-AA1C-FF1F25EB5B77}.Release|Any CPU.ActiveCfg = Release|Any CPU
		{CDED16AC-798C-4C8E-AA1C-FF1F25EB5B77}.Release|Any CPU.Build.0 = Release|Any CPU
		{37C3DF7B-DDA0-4F35-BE0C-EF611783E9F0}.Debug|Any CPU.ActiveCfg = Debug|Any CPU
		{37C3DF7B-DDA0-4F35-BE0C-EF611783E9F0}.Debug|Any CPU.Build.0 = Debug|Any CPU
		{37C3DF7B-DDA0-4F35-BE0C-EF611783E9F0}.Release|Any CPU.ActiveCfg = Release|Any CPU
		{37C3DF7B-DDA0-4F35-BE0C-EF611783E9F0}.Release|Any CPU.Build.0 = Release|Any CPU
		{08ACCB07-07DB-42CE-BADC-F4510CF0EC36}.Debug|Any CPU.ActiveCfg = Debug|Any CPU
		{08ACCB07-07DB-42CE-BADC-F4510CF0EC36}.Debug|Any CPU.Build.0 = Debug|Any CPU
		{08ACCB07-07DB-42CE-BADC-F4510CF0EC36}.Release|Any CPU.ActiveCfg = Release|Any CPU
		{08ACCB07-07DB-42CE-BADC-F4510CF0EC36}.Release|Any CPU.Build.0 = Release|Any CPU
		{C775D2F0-2C93-4414-ADB8-C24D46C756DA}.Debug|Any CPU.ActiveCfg = Debug|Any CPU
		{C775D2F0-2C93-4414-ADB8-C24D46C756DA}.Debug|Any CPU.Build.0 = Debug|Any CPU
		{C775D2F0-2C93-4414-ADB8-C24D46C756DA}.Release|Any CPU.ActiveCfg = Release|Any CPU
		{C775D2F0-2C93-4414-ADB8-C24D46C756DA}.Release|Any CPU.Build.0 = Release|Any CPU
		{0C7083A0-187D-41E3-B8DC-4C7F74E84D88}.Debug|Any CPU.ActiveCfg = Debug|Any CPU
		{0C7083A0-187D-41E3-B8DC-4C7F74E84D88}.Debug|Any CPU.Build.0 = Debug|Any CPU
		{0C7083A0-187D-41E3-B8DC-4C7F74E84D88}.Release|Any CPU.ActiveCfg = Release|Any CPU
		{0C7083A0-187D-41E3-B8DC-4C7F74E84D88}.Release|Any CPU.Build.0 = Release|Any CPU
		{567CD950-E6E0-4ECA-969F-721A0E556206}.Debug|Any CPU.ActiveCfg = Debug|Any CPU
		{567CD950-E6E0-4ECA-969F-721A0E556206}.Debug|Any CPU.Build.0 = Debug|Any CPU
		{567CD950-E6E0-4ECA-969F-721A0E556206}.Release|Any CPU.ActiveCfg = Release|Any CPU
		{567CD950-E6E0-4ECA-969F-721A0E556206}.Release|Any CPU.Build.0 = Release|Any CPU
		{1714F7E5-8914-45EF-BAC1-A25B6101A3B4}.Debug|Any CPU.ActiveCfg = Debug|Any CPU
		{1714F7E5-8914-45EF-BAC1-A25B6101A3B4}.Debug|Any CPU.Build.0 = Debug|Any CPU
		{1714F7E5-8914-45EF-BAC1-A25B6101A3B4}.Release|Any CPU.ActiveCfg = Release|Any CPU
		{1714F7E5-8914-45EF-BAC1-A25B6101A3B4}.Release|Any CPU.Build.0 = Release|Any CPU
		{C5062DCF-7114-403C-8542-DE147238E909}.Debug|Any CPU.ActiveCfg = Debug|Any CPU
		{C5062DCF-7114-403C-8542-DE147238E909}.Debug|Any CPU.Build.0 = Debug|Any CPU
		{C5062DCF-7114-403C-8542-DE147238E909}.Release|Any CPU.ActiveCfg = Release|Any CPU
		{C5062DCF-7114-403C-8542-DE147238E909}.Release|Any CPU.Build.0 = Release|Any CPU
		{B6415579-9CE0-45D5-A773-6E1FC28EE54C}.Debug|Any CPU.ActiveCfg = Debug|Any CPU
		{B6415579-9CE0-45D5-A773-6E1FC28EE54C}.Debug|Any CPU.Build.0 = Debug|Any CPU
		{B6415579-9CE0-45D5-A773-6E1FC28EE54C}.Release|Any CPU.ActiveCfg = Release|Any CPU
		{B6415579-9CE0-45D5-A773-6E1FC28EE54C}.Release|Any CPU.Build.0 = Release|Any CPU
	EndGlobalSection
	GlobalSection(SolutionProperties) = preSolution
		HideSolutionNode = FALSE
	EndGlobalSection
	GlobalSection(NestedProjects) = preSolution
		{5668E34E-027F-48EC-A9DD-93B4F443C511} = {6F782864-CF1C-4602-8342-DE054A7B2E59}
		{D29A5A8C-9031-4581-9F4B-11FA2D399EB9} = {6F782864-CF1C-4602-8342-DE054A7B2E59}
		{10690FEF-D426-4AF3-A2EF-5A284E71EADC} = {2F952F6D-2DFC-498B-821E-3AD7DE3241EF}
		{1FBB9986-1129-4DD3-AE0C-C04065E62695} = {1FCDAADF-D04A-44E2-BBA5-6424EE3C0C9F}
		{9D39B382-F0A8-4F54-8FE3-1374E43C9C42} = {BE030C12-93C3-4A15-A79A-A28D051B5FFC}
		{50103557-3AF3-48AA-BDF9-748C127D22B5} = {2F86841D-621E-4BF1-9FA8-5214A4A30EF4}
		{A2599D7C-70FD-4521-BBFB-E2ACC51ED84D} = {2F86841D-621E-4BF1-9FA8-5214A4A30EF4}
		{5AA94BCF-8514-48E7-94F7-4FF19AE54C57} = {5668E34E-027F-48EC-A9DD-93B4F443C511}
		{950738E4-F99E-45DB-B97C-B582B3717BDF} = {5668E34E-027F-48EC-A9DD-93B4F443C511}
		{943E45D6-144B-469F-8272-0520096ACD30} = {D29A5A8C-9031-4581-9F4B-11FA2D399EB9}
		{66AA6217-33D2-4C3A-AB57-2937AB527A4A} = {D29A5A8C-9031-4581-9F4B-11FA2D399EB9}
		{BCD42815-CCD9-42D9-AE7B-40BFB2C23FDB} = {1FCDAADF-D04A-44E2-BBA5-6424EE3C0C9F}
		{7EC19D6B-2E08-41BD-9CE2-987EE04F1221} = {1FCDAADF-D04A-44E2-BBA5-6424EE3C0C9F}
		{3578DA5D-279E-4E76-88BF-6CBDB138E722} = {1FCDAADF-D04A-44E2-BBA5-6424EE3C0C9F}
		{D9A622EA-B800-4DB6-9C7B-D8A2C34F5C6A} = {2F952F6D-2DFC-498B-821E-3AD7DE3241EF}
		{FFD69A6D-55C1-4EC5-85B1-670F16A0FFD9} = {D29A5A8C-9031-4581-9F4B-11FA2D399EB9}
		{BE61F762-76A7-4D43-8E0F-734DD393552F} = {D29A5A8C-9031-4581-9F4B-11FA2D399EB9}
		{2A166F42-3769-45DC-A839-79B613AF96B1} = {2F952F6D-2DFC-498B-821E-3AD7DE3241EF}
		{A9D15D65-6C24-4BDA-9F86-51412CCFAE97} = {1FCDAADF-D04A-44E2-BBA5-6424EE3C0C9F}
		{1D144B12-3F27-4D07-85E5-919E8C2176C5} = {6F782864-CF1C-4602-8342-DE054A7B2E59}
		{8CFEA9D2-C0BB-44E7-89DE-3177DA01C51A} = {1FCDAADF-D04A-44E2-BBA5-6424EE3C0C9F}
		{D862D2A9-709F-4979-88D3-5B46D3320CC7} = {1D144B12-3F27-4D07-85E5-919E8C2176C5}
		{9360713C-63A6-4709-9BAF-E9B6F15088F9} = {5668E34E-027F-48EC-A9DD-93B4F443C511}
		{058779D6-ED6B-4215-9E14-AEAEB2483259} = {1D144B12-3F27-4D07-85E5-919E8C2176C5}
		{15E054D3-6362-4C8E-88A1-3FE87E19D296} = {1FCDAADF-D04A-44E2-BBA5-6424EE3C0C9F}
		{3DFF8ACE-1A3E-43F4-93DC-19D47140AE84} = {2F86841D-621E-4BF1-9FA8-5214A4A30EF4}
		{B69F62CD-8BB6-4CEF-A3D5-6171C62B5FB2} = {2F86841D-621E-4BF1-9FA8-5214A4A30EF4}
		{1E2C0813-E6F3-4770-905F-359C1E8DFE6B} = {2F86841D-621E-4BF1-9FA8-5214A4A30EF4}
		{7CC5F85F-FF59-4DB2-8F65-E082BABA8A9E} = {5668E34E-027F-48EC-A9DD-93B4F443C511}
		{59363672-ED66-4820-A3F6-8E6BC64A86F8} = {BE030C12-93C3-4A15-A79A-A28D051B5FFC}
		{6111F632-DC6E-44F2-A6F9-BC7D121010EE} = {1FCDAADF-D04A-44E2-BBA5-6424EE3C0C9F}
		{31D4A176-B00A-4B34-964A-D971DD853E9B} = {D29A5A8C-9031-4581-9F4B-11FA2D399EB9}
		{F2E6FF86-0D6A-43A6-B2CB-4F58B2435080} = {D29A5A8C-9031-4581-9F4B-11FA2D399EB9}
		{55181270-5841-48EB-8FB2-999204CFBDAB} = {D29A5A8C-9031-4581-9F4B-11FA2D399EB9}
		{B23FC666-8749-40FF-9A5D-50759A1B225E} = {2F86841D-621E-4BF1-9FA8-5214A4A30EF4}
		{33FB4A45-0407-4BE9-B62A-29E5DCF7B1F0} = {2F86841D-621E-4BF1-9FA8-5214A4A30EF4}
		{CDED16AC-798C-4C8E-AA1C-FF1F25EB5B77} = {1FCDAADF-D04A-44E2-BBA5-6424EE3C0C9F}
		{37C3DF7B-DDA0-4F35-BE0C-EF611783E9F0} = {D29A5A8C-9031-4581-9F4B-11FA2D399EB9}
		{08ACCB07-07DB-42CE-BADC-F4510CF0EC36} = {D29A5A8C-9031-4581-9F4B-11FA2D399EB9}
		{C775D2F0-2C93-4414-ADB8-C24D46C756DA} = {2F86841D-621E-4BF1-9FA8-5214A4A30EF4}
		{0C7083A0-187D-41E3-B8DC-4C7F74E84D88} = {2F86841D-621E-4BF1-9FA8-5214A4A30EF4}
		{567CD950-E6E0-4ECA-969F-721A0E556206} = {5668E34E-027F-48EC-A9DD-93B4F443C511}
		{1714F7E5-8914-45EF-BAC1-A25B6101A3B4} = {1FCDAADF-D04A-44E2-BBA5-6424EE3C0C9F}
		{C5062DCF-7114-403C-8542-DE147238E909} = {5668E34E-027F-48EC-A9DD-93B4F443C511}
		{B6415579-9CE0-45D5-A773-6E1FC28EE54C} = {5668E34E-027F-48EC-A9DD-93B4F443C511}
	EndGlobalSection
	GlobalSection(ExtensibilityGlobals) = postSolution
		SolutionGuid = {F6423D7A-D8B5-4439-84E8-EA9880F1911C}
	EndGlobalSection
EndGlobal
